
Microsoft Visual Studio Solution File, Format Version 12.00
# Visual Studio 14
VisualStudioVersion = 14.0.25123.0
MinimumVisualStudioVersion = 10.0.40219.1
Project("{F2A71F9B-5D33-465A-A702-920D77279786}") = "FSharpWinFormCreation", "FSharpWinFormCreation\FSharpWinFormCreation.fsproj", "{FA529E2D-618A-4014-8FF6-1DF6E9815DF7}"
EndProject
Global
	GlobalSection(SolutionConfigurationPlatforms) = preSolution
		Debug|Any CPU = Debug|Any CPU
		Release|Any CPU = Release|Any CPU
	EndGlobalSection
	GlobalSection(ProjectConfigurationPlatforms) = postSolution
		{FA529E2D-618A-4014-8FF6-1DF6E9815DF7}.Debug|Any CPU.ActiveCfg = Debug|Any CPU
		{FA529E2D-618A-4014-8FF6-1DF6E9815DF7}.Debug|Any CPU.Build.0 = Debug|Any CPU
		{FA529E2D-618A-4014-8FF6-1DF6E9815DF7}.Release|Any CPU.ActiveCfg = Release|Any CPU
		{FA529E2D-618A-4014-8FF6-1DF6E9815DF7}.Release|Any CPU.Build.0 = Release|Any CPU
	EndGlobalSection
	GlobalSection(SolutionProperties) = preSolution
		HideSolutionNode = FALSE
	EndGlobalSection
EndGlobal
